// !$*UTF8*$!
{
	archiveVersion = 1;
	classes = {
	};
	objectVersion = 77;
	objects = {

/* Begin PBXBuildFile section */
		3725E7672DFF08F50082C0D4 /* NetworkLayer in Frameworks */ = {isa = PBXBuildFile; productRef = 3725E7662DFF08F50082C0D4 /* NetworkLayer */; };
		3725E7DA2DFF937C0082C0D4 /* FirebaseAnalytics in Frameworks */ = {isa = PBXBuildFile; productRef = 3725E7D92DFF937C0082C0D4 /* FirebaseAnalytics */; };
		3725E7DC2DFF937C0082C0D4 /* FirebaseAnalyticsCore in Frameworks */ = {isa = PBXBuildFile; productRef = 3725E7DB2DFF937C0082C0D4 /* FirebaseAnalyticsCore */; };
		3725E7DE2DFF937C0082C0D4 /* FirebaseAuth in Frameworks */ = {isa = PBXBuildFile; productRef = 3725E7DD2DFF937C0082C0D4 /* FirebaseAuth */; };
		3725E7E02DFF937C0082C0D4 /* FirebaseDatabase in Frameworks */ = {isa = PBXBuildFile; productRef = 3725E7DF2DFF937C0082C0D4 /* FirebaseDatabase */; };
		3725E7E32DFF944C0082C0D4 /* GoogleSignIn in Frameworks */ = {isa = PBXBuildFile; productRef = 3725E7E22DFF944C0082C0D4 /* GoogleSignIn */; };
		3770A27D2E0047B00081556B /* FirebaseCore in Frameworks */ = {isa = PBXBuildFile; productRef = 3770A27C2E0047B00081556B /* FirebaseCore */; };
/* End PBXBuildFile section */

/* Begin PBXContainerItemProxy section */
		37865BE92DF0B70C00344115 /* PBXContainerItemProxy */ = {
			isa = PBXContainerItemProxy;
			containerPortal = 37865BC72DF0B70A00344115 /* Project object */;
			proxyType = 1;
			remoteGlobalIDString = 37865BCE2DF0B70A00344115;
			remoteInfo = "Cricket Ledger";
		};
		37865BF32DF0B70C00344115 /* PBXContainerItemProxy */ = {
			isa = PBXContainerItemProxy;
			containerPortal = 37865BC72DF0B70A00344115 /* Project object */;
			proxyType = 1;
			remoteGlobalIDString = 37865BCE2DF0B70A00344115;
			remoteInfo = "Cricket Ledger";
		};
/* End PBXContainerItemProxy section */

/* Begin PBXFileReference section */
		3725E74A2DFF07800082C0D4 /* NetworkLayer */ = {isa = PBXFileReference; lastKnownFileType = wrapper; path = NetworkLayer; sourceTree = "<group>"; };
		37865BCF2DF0B70A00344115 /* Cricket Ledger.app */ = {isa = PBXFileReference; explicitFileType = wrapper.application; includeInIndex = 0; path = "Cricket Ledger.app"; sourceTree = BUILT_PRODUCTS_DIR; };
		37865BE82DF0B70C00344115 /* Cricket LedgerTests.xctest */ = {isa = PBXFileReference; explicitFileType = wrapper.cfbundle; includeInIndex = 0; path = "Cricket LedgerTests.xctest"; sourceTree = BUILT_PRODUCTS_DIR; };
		37865BF22DF0B70C00344115 /* Cricket LedgerUITests.xctest */ = {isa = PBXFileReference; explicitFileType = wrapper.cfbundle; includeInIndex = 0; path = "Cricket LedgerUITests.xctest"; sourceTree = BUILT_PRODUCTS_DIR; };
/* End PBXFileReference section */

/* Begin PBXFileSystemSynchronizedBuildFileExceptionSet section */
		37865BFA2DF0B70C00344115 /* Exceptions for "Cricket Ledger" folder in "Cricket Ledger" target */ = {
			isa = PBXFileSystemSynchronizedBuildFileExceptionSet;
			membershipExceptions = (
				Info.plist,
			);
			target = 37865BCE2DF0B70A00344115 /* Cricket Ledger */;
		};
/* End PBXFileSystemSynchronizedBuildFileExceptionSet section */

/* Begin PBXFileSystemSynchronizedRootGroup section */
		37865BD12DF0B70A00344115 /* Cricket Ledger */ = {
			isa = PBXFileSystemSynchronizedRootGroup;
			exceptions = (
				37865BFA2DF0B70C00344115 /* Exceptions for "Cricket Ledger" folder in "Cricket Ledger" target */,
			);
			path = "Cricket Ledger";
			sourceTree = "<group>";
		};
		37865BEB2DF0B70C00344115 /* Cricket LedgerTests */ = {
			isa = PBXFileSystemSynchronizedRootGroup;
			path = "Cricket LedgerTests";
			sourceTree = "<group>";
		};
		37865BF52DF0B70C00344115 /* Cricket LedgerUITests */ = {
			isa = PBXFileSystemSynchronizedRootGroup;
			path = "Cricket LedgerUITests";
			sourceTree = "<group>";
		};
/* End PBXFileSystemSynchronizedRootGroup section */

/* Begin PBXFrameworksBuildPhase section */
		37865BCC2DF0B70A00344115 /* Frameworks */ = {
			isa = PBXFrameworksBuildPhase;
			buildActionMask = 2147483647;
			files = (
				3725E7E02DFF937C0082C0D4 /* FirebaseDatabase in Frameworks */,
				3725E7DA2DFF937C0082C0D4 /* FirebaseAnalytics in Frameworks */,
				3725E7DC2DFF937C0082C0D4 /* FirebaseAnalyticsCore in Frameworks */,
				3725E7672DFF08F50082C0D4 /* NetworkLayer in Frameworks */,
				3770A27D2E0047B00081556B /* FirebaseCore in Frameworks */,
				3725E7DE2DFF937C0082C0D4 /* FirebaseAuth in Frameworks */,
				3725E7E32DFF944C0082C0D4 /* GoogleSignIn in Frameworks */,
			);
			runOnlyForDeploymentPostprocessing = 0;
		};
		37865BE52DF0B70C00344115 /* Frameworks */ = {
			isa = PBXFrameworksBuildPhase;
			buildActionMask = 2147483647;
			files = (
			);
			runOnlyForDeploymentPostprocessing = 0;
		};
		37865BEF2DF0B70C00344115 /* Frameworks */ = {
			isa = PBXFrameworksBuildPhase;
			buildActionMask = 2147483647;
			files = (
			);
			runOnlyForDeploymentPostprocessing = 0;
		};
/* End PBXFrameworksBuildPhase section */

/* Begin PBXGroup section */
		3725E7652DFF08F50082C0D4 /* Frameworks */ = {
			isa = PBXGroup;
			children = (
			);
			name = Frameworks;
			sourceTree = "<group>";
		};
		37865BC62DF0B70A00344115 = {
			isa = PBXGroup;
			children = (
				3725E74A2DFF07800082C0D4 /* NetworkLayer */,
				37865BD12DF0B70A00344115 /* Cricket Ledger */,
				37865BEB2DF0B70C00344115 /* Cricket LedgerTests */,
				37865BF52DF0B70C00344115 /* Cricket LedgerUITests */,
				3725E7652DFF08F50082C0D4 /* Frameworks */,
				37865BD02DF0B70A00344115 /* Products */,
			);
			sourceTree = "<group>";
		};
		37865BD02DF0B70A00344115 /* Products */ = {
			isa = PBXGroup;
			children = (
				37865BCF2DF0B70A00344115 /* Cricket Ledger.app */,
				37865BE82DF0B70C00344115 /* Cricket LedgerTests.xctest */,
				37865BF22DF0B70C00344115 /* Cricket LedgerUITests.xctest */,
			);
			name = Products;
			sourceTree = "<group>";
		};
/* End PBXGroup section */

/* Begin PBXNativeTarget section */
		37865BCE2DF0B70A00344115 /* Cricket Ledger */ = {
			isa = PBXNativeTarget;
			buildConfigurationList = 37865BFB2DF0B70C00344115 /* Build configuration list for PBXNativeTarget "Cricket Ledger" */;
			buildPhases = (
				37865BCB2DF0B70A00344115 /* Sources */,
				37865BCC2DF0B70A00344115 /* Frameworks */,
				37865BCD2DF0B70A00344115 /* Resources */,
			);
			buildRules = (
			);
			dependencies = (
			);
			fileSystemSynchronizedGroups = (
				37865BD12DF0B70A00344115 /* Cricket Ledger */,
			);
			name = "Cricket Ledger";
			packageProductDependencies = (
				3725E7662DFF08F50082C0D4 /* NetworkLayer */,
				3725E7D92DFF937C0082C0D4 /* FirebaseAnalytics */,
				3725E7DB2DFF937C0082C0D4 /* FirebaseAnalyticsCore */,
				3725E7DD2DFF937C0082C0D4 /* FirebaseAuth */,
				3725E7DF2DFF937C0082C0D4 /* FirebaseDatabase */,
				3725E7E22DFF944C0082C0D4 /* GoogleSignIn */,
				3770A27C2E0047B00081556B /* FirebaseCore */,
			);
			productName = "Cricket Ledger";
			productReference = 37865BCF2DF0B70A00344115 /* Cricket Ledger.app */;
			productType = "com.apple.product-type.application";
		};
		37865BE72DF0B70C00344115 /* Cricket LedgerTests */ = {
			isa = PBXNativeTarget;
			buildConfigurationList = 37865C002DF0B70C00344115 /* Build configuration list for PBXNativeTarget "Cricket LedgerTests" */;
			buildPhases = (
				37865BE42DF0B70C00344115 /* Sources */,
				37865BE52DF0B70C00344115 /* Frameworks */,
				37865BE62DF0B70C00344115 /* Resources */,
			);
			buildRules = (
			);
			dependencies = (
				37865BEA2DF0B70C00344115 /* PBXTargetDependency */,
			);
			fileSystemSynchronizedGroups = (
				37865BEB2DF0B70C00344115 /* Cricket LedgerTests */,
			);
			name = "Cricket LedgerTests";
			packageProductDependencies = (
			);
			productName = "Cricket LedgerTests";
			productReference = 37865BE82DF0B70C00344115 /* Cricket LedgerTests.xctest */;
			productType = "com.apple.product-type.bundle.unit-test";
		};
		37865BF12DF0B70C00344115 /* Cricket LedgerUITests */ = {
			isa = PBXNativeTarget;
			buildConfigurationList = 37865C032DF0B70C00344115 /* Build configuration list for PBXNativeTarget "Cricket LedgerUITests" */;
			buildPhases = (
				37865BEE2DF0B70C00344115 /* Sources */,
				37865BEF2DF0B70C00344115 /* Frameworks */,
				37865BF02DF0B70C00344115 /* Resources */,
			);
			buildRules = (
			);
			dependencies = (
				37865BF42DF0B70C00344115 /* PBXTargetDependency */,
			);
			fileSystemSynchronizedGroups = (
				37865BF52DF0B70C00344115 /* Cricket LedgerUITests */,
			);
			name = "Cricket LedgerUITests";
			packageProductDependencies = (
			);
			productName = "Cricket LedgerUITests";
			productReference = 37865BF22DF0B70C00344115 /* Cricket LedgerUITests.xctest */;
			productType = "com.apple.product-type.bundle.ui-testing";
		};
/* End PBXNativeTarget section */

/* Begin PBXProject section */
		37865BC72DF0B70A00344115 /* Project object */ = {
			isa = PBXProject;
			attributes = {
				BuildIndependentTargetsInParallel = 1;
				LastSwiftUpdateCheck = 1630;
				LastUpgradeCheck = 1630;
				TargetAttributes = {
					37865BCE2DF0B70A00344115 = {
						CreatedOnToolsVersion = 16.3;
					};
					37865BE72DF0B70C00344115 = {
						CreatedOnToolsVersion = 16.3;
						TestTargetID = 37865BCE2DF0B70A00344115;
					};
					37865BF12DF0B70C00344115 = {
						CreatedOnToolsVersion = 16.3;
						TestTargetID = 37865BCE2DF0B70A00344115;
					};
				};
			};
			buildConfigurationList = 37865BCA2DF0B70A00344115 /* Build configuration list for PBXProject "Cricket Ledger" */;
			developmentRegion = en;
			hasScannedForEncodings = 0;
			knownRegions = (
				en,
				Base,
			);
			mainGroup = 37865BC62DF0B70A00344115;
			minimizedProjectReferenceProxies = 1;
			packageReferences = (
				3725E7D82DFF937C0082C0D4 /* XCRemoteSwiftPackageReference "firebase-ios-sdk" */,
				3725E7E12DFF944C0082C0D4 /* XCRemoteSwiftPackageReference "GoogleSignIn-iOS" */,
			);
			preferredProjectObjectVersion = 77;
			productRefGroup = 37865BD02DF0B70A00344115 /* Products */;
			projectDirPath = "";
			projectRoot = "";
			targets = (
				37865BCE2DF0B70A00344115 /* Cricket Ledger */,
				37865BE72DF0B70C00344115 /* Cricket LedgerTests */,
				37865BF12DF0B70C00344115 /* Cricket LedgerUITests */,
			);
		};
/* End PBXProject section */

/* Begin PBXResourcesBuildPhase section */
		37865BCD2DF0B70A00344115 /* Resources */ = {
			isa = PBXResourcesBuildPhase;
			buildActionMask = 2147483647;
			files = (
			);
			runOnlyForDeploymentPostprocessing = 0;
		};
		37865BE62DF0B70C00344115 /* Resources */ = {
			isa = PBXResourcesBuildPhase;
			buildActionMask = 2147483647;
			files = (
			);
			runOnlyForDeploymentPostprocessing = 0;
		};
		37865BF02DF0B70C00344115 /* Resources */ = {
			isa = PBXResourcesBuildPhase;
			buildActionMask = 2147483647;
			files = (
			);
			runOnlyForDeploymentPostprocessing = 0;
		};
/* End PBXResourcesBuildPhase section */

/* Begin PBXSourcesBuildPhase section */
		37865BCB2DF0B70A00344115 /* Sources */ = {
			isa = PBXSourcesBuildPhase;
			buildActionMask = 2147483647;
			files = (
			);
			runOnlyForDeploymentPostprocessing = 0;
		};
		37865BE42DF0B70C00344115 /* Sources */ = {
			isa = PBXSourcesBuildPhase;
			buildActionMask = 2147483647;
			files = (
			);
			runOnlyForDeploymentPostprocessing = 0;
		};
		37865BEE2DF0B70C00344115 /* Sources */ = {
			isa = PBXSourcesBuildPhase;
			buildActionMask = 2147483647;
			files = (
			);
			runOnlyForDeploymentPostprocessing = 0;
		};
/* End PBXSourcesBuildPhase section */

/* Begin PBXTargetDependency section */
		37865BEA2DF0B70C00344115 /* PBXTargetDependency */ = {
			isa = PBXTargetDependency;
			target = 37865BCE2DF0B70A00344115 /* Cricket Ledger */;
			targetProxy = 37865BE92DF0B70C00344115 /* PBXContainerItemProxy */;
		};
		37865BF42DF0B70C00344115 /* PBXTargetDependency */ = {
			isa = PBXTargetDependency;
			target = 37865BCE2DF0B70A00344115 /* Cricket Ledger */;
			targetProxy = 37865BF32DF0B70C00344115 /* PBXContainerItemProxy */;
		};
/* End PBXTargetDependency section */

/* Begin XCBuildConfiguration section */
		37865BFC2DF0B70C00344115 /* Debug */ = {
			isa = XCBuildConfiguration;
			buildSettings = {
				ASSETCATALOG_COMPILER_APPICON_NAME = AppIcon;
				ASSETCATALOG_COMPILER_GLOBAL_ACCENT_COLOR_NAME = AccentColor;
				ASSETCATALOG_COMPILER_INCLUDE_ALL_APPICON_ASSETS = NO;
				CODE_SIGN_STYLE = Automatic;
				CURRENT_PROJECT_VERSION = 1;
				DEVELOPMENT_TEAM = 4497HQWQ56;
				GENERATE_INFOPLIST_FILE = YES;
				INFOPLIST_FILE = "Cricket Ledger/Info.plist";
				INFOPLIST_KEY_UIApplicationSupportsIndirectInputEvents = YES;
				INFOPLIST_KEY_UILaunchStoryboardName = LaunchScreen;
				INFOPLIST_KEY_UIMainStoryboardFile = Main;
				INFOPLIST_KEY_UISupportedInterfaceOrientations = UIInterfaceOrientationPortrait;
				INFOPLIST_KEY_UISupportedInterfaceOrientations_iPad = "UIInterfaceOrientationLandscapeLeft UIInterfaceOrientationLandscapeRight UIInterfaceOrientationPortrait UIInterfaceOrientationPortraitUpsideDown";
				LD_RUNPATH_SEARCH_PATHS = (
					"$(inherited)",
					"@executable_path/Frameworks",
				);
				MARKETING_VERSION = 1.0;
				PRODUCT_BUNDLE_IDENTIFIER = "com.Sv.Cricket-Ledger";
				PRODUCT_NAME = "$(TARGET_NAME)";
				SWIFT_EMIT_LOC_STRINGS = YES;
				SWIFT_VERSION = 5.0;
				TARGETED_DEVICE_FAMILY = "1,2";
			};
			name = Debug;
		};
		37865BFD2DF0B70C00344115 /* Release */ = {
			isa = XCBuildConfiguration;
			buildSettings = {
				ASSETCATALOG_COMPILER_APPICON_NAME = AppIcon;
				ASSETCATALOG_COMPILER_GLOBAL_ACCENT_COLOR_NAME = AccentColor;
				ASSETCATALOG_COMPILER_INCLUDE_ALL_APPICON_ASSETS = NO;
				CODE_SIGN_STYLE = Automatic;
				CURRENT_PROJECT_VERSION = 1;
				DEVELOPMENT_TEAM = 4497HQWQ56;
				GENERATE_INFOPLIST_FILE = YES;
				INFOPLIST_FILE = "Cricket Ledger/Info.plist";
				INFOPLIST_KEY_UIApplicationSupportsIndirectInputEvents = YES;
				INFOPLIST_KEY_UILaunchStoryboardName = LaunchScreen;
				INFOPLIST_KEY_UIMainStoryboardFile = Main;
				INFOPLIST_KEY_UISupportedInterfaceOrientations = UIInterfaceOrientationPortrait;
				INFOPLIST_KEY_UISupportedInterfaceOrientations_iPad = "UIInterfaceOrientationLandscapeLeft UIInterfaceOrientationLandscapeRight UIInterfaceOrientationPortrait UIInterfaceOrientationPortraitUpsideDown";
				LD_RUNPATH_SEARCH_PATHS = (
					"$(inherited)",
					"@executable_path/Frameworks",
				);
				MARKETING_VERSION = 1.0;
				PRODUCT_BUNDLE_IDENTIFIER = "com.Sv.Cricket-Ledger";
				PRODUCT_NAME = "$(TARGET_NAME)";
				SWIFT_EMIT_LOC_STRINGS = YES;
				SWIFT_VERSION = 5.0;
				TARGETED_DEVICE_FAMILY = "1,2";
			};
			name = Release;
		};
		37865BFE2DF0B70C00344115 /* Debug */ = {
			isa = XCBuildConfiguration;
			buildSettings = {
				ALWAYS_SEARCH_USER_PATHS = NO;
				ASSETCATALOG_COMPILER_GENERATE_SWIFT_ASSET_SYMBOL_EXTENSIONS = YES;
				CLANG_ANALYZER_NONNULL = YES;
				CLANG_ANALYZER_NUMBER_OBJECT_CONVERSION = YES_AGGRESSIVE;
				CLANG_CXX_LANGUAGE_STANDARD = "gnu++20";
				CLANG_ENABLE_MODULES = YES;
				CLANG_ENABLE_OBJC_ARC = YES;
				CLANG_ENABLE_OBJC_WEAK = YES;
				CLANG_WARN_BLOCK_CAPTURE_AUTORELEASING = YES;
				CLANG_WARN_BOOL_CONVERSION = YES;
				CLANG_WARN_COMMA = YES;
				CLANG_WARN_CONSTANT_CONVERSION = YES;
				CLANG_WARN_DEPRECATED_OBJC_IMPLEMENTATIONS = YES;
				CLANG_WARN_DIRECT_OBJC_ISA_USAGE = YES_ERROR;
				CLANG_WARN_DOCUMENTATION_COMMENTS = YES;
				CLANG_WARN_EMPTY_BODY = YES;
				CLANG_WARN_ENUM_CONVERSION = YES;
				CLANG_WARN_INFINITE_RECURSION = YES;
				CLANG_WARN_INT_CONVERSION = YES;
				CLANG_WARN_NON_LITERAL_NULL_CONVERSION = YES;
				CLANG_WARN_OBJC_IMPLICIT_RETAIN_SELF = YES;
				CLANG_WARN_OBJC_LITERAL_CONVERSION = YES;
				CLANG_WARN_OBJC_ROOT_CLASS = YES_ERROR;
				CLANG_WARN_QUOTED_INCLUDE_IN_FRAMEWORK_HEADER = YES;
				CLANG_WARN_RANGE_LOOP_ANALYSIS = YES;
				CLANG_WARN_STRICT_PROTOTYPES = YES;
				CLANG_WARN_SUSPICIOUS_MOVE = YES;
				CLANG_WARN_UNGUARDED_AVAILABILITY = YES_AGGRESSIVE;
				CLANG_WARN_UNREACHABLE_CODE = YES;
				CLANG_WARN__DUPLICATE_METHOD_MATCH = YES;
				COPY_PHASE_STRIP = NO;
				DEBUG_INFORMATION_FORMAT = dwarf;
				ENABLE_STRICT_OBJC_MSGSEND = YES;
				ENABLE_TESTABILITY = YES;
				ENABLE_USER_SCRIPT_SANDBOXING = YES;
				GCC_C_LANGUAGE_STANDARD = gnu17;
				GCC_DYNAMIC_NO_PIC = NO;
				GCC_NO_COMMON_BLOCKS = YES;
				GCC_OPTIMIZATION_LEVEL = 0;
				GCC_PREPROCESSOR_DEFINITIONS = (
					"DEBUG=1",
					"$(inherited)",
				);
				GCC_WARN_64_TO_32_BIT_CONVERSION = YES;
				GCC_WARN_ABOUT_RETURN_TYPE = YES_ERROR;
				GCC_WARN_UNDECLARED_SELECTOR = YES;
				GCC_WARN_UNINITIALIZED_AUTOS = YES_AGGRESSIVE;
				GCC_WARN_UNUSED_FUNCTION = YES;
				GCC_WARN_UNUSED_VARIABLE = YES;
				IPHONEOS_DEPLOYMENT_TARGET = 18.4;
				LOCALIZATION_PREFERS_STRING_CATALOGS = YES;
				MTL_ENABLE_DEBUG_INFO = INCLUDE_SOURCE;
				MTL_FAST_MATH = YES;
				ONLY_ACTIVE_ARCH = YES;
				SDKROOT = iphoneos;
				SWIFT_ACTIVE_COMPILATION_CONDITIONS = "DEBUG $(inherited)";
				SWIFT_OPTIMIZATION_LEVEL = "-Onone";
			};
			name = Debug;
		};
		37865BFF2DF0B70C00344115 /* Release */ = {
			isa = XCBuildConfiguration;
			buildSettings = {
				ALWAYS_SEARCH_USER_PATHS = NO;
				ASSETCATALOG_COMPILER_GENERATE_SWIFT_ASSET_SYMBOL_EXTENSIONS = YES;
				CLANG_ANALYZER_NONNULL = YES;
				CLANG_ANALYZER_NUMBER_OBJECT_CONVERSION = YES_AGGRESSIVE;
				CLANG_CXX_LANGUAGE_STANDARD = "gnu++20";
				CLANG_ENABLE_MODULES = YES;
				CLANG_ENABLE_OBJC_ARC = YES;
				CLANG_ENABLE_OBJC_WEAK = YES;
				CLANG_WARN_BLOCK_CAPTURE_AUTORELEASING = YES;
				CLANG_WARN_BOOL_CONVERSION = YES;
				CLANG_WARN_COMMA = YES;
				CLANG_WARN_CONSTANT_CONVERSION = YES;
				CLANG_WARN_DEPRECATED_OBJC_IMPLEMENTATIONS = YES;
				CLANG_WARN_DIRECT_OBJC_ISA_USAGE = YES_ERROR;
				CLANG_WARN_DOCUMENTATION_COMMENTS = YES;
				CLANG_WARN_EMPTY_BODY = YES;
				CLANG_WARN_ENUM_CONVERSION = YES;
				CLANG_WARN_INFINITE_RECURSION = YES;
				CLANG_WARN_INT_CONVERSION = YES;
				CLANG_WARN_NON_LITERAL_NULL_CONVERSION = YES;
				CLANG_WARN_OBJC_IMPLICIT_RETAIN_SELF = YES;
				CLANG_WARN_OBJC_LITERAL_CONVERSION = YES;
				CLANG_WARN_OBJC_ROOT_CLASS = YES_ERROR;
				CLANG_WARN_QUOTED_INCLUDE_IN_FRAMEWORK_HEADER = YES;
				CLANG_WARN_RANGE_LOOP_ANALYSIS = YES;
				CLANG_WARN_STRICT_PROTOTYPES = YES;
				CLANG_WARN_SUSPICIOUS_MOVE = YES;
				CLANG_WARN_UNGUARDED_AVAILABILITY = YES_AGGRESSIVE;
				CLANG_WARN_UNREACHABLE_CODE = YES;
				CLANG_WARN__DUPLICATE_METHOD_MATCH = YES;
				COPY_PHASE_STRIP = NO;
				DEBUG_INFORMATION_FORMAT = "dwarf-with-dsym";
				ENABLE_NS_ASSERTIONS = NO;
				ENABLE_STRICT_OBJC_MSGSEND = YES;
				ENABLE_USER_SCRIPT_SANDBOXING = YES;
				GCC_C_LANGUAGE_STANDARD = gnu17;
				GCC_NO_COMMON_BLOCKS = YES;
				GCC_WARN_64_TO_32_BIT_CONVERSION = YES;
				GCC_WARN_ABOUT_RETURN_TYPE = YES_ERROR;
				GCC_WARN_UNDECLARED_SELECTOR = YES;
				GCC_WARN_UNINITIALIZED_AUTOS = YES_AGGRESSIVE;
				GCC_WARN_UNUSED_FUNCTION = YES;
				GCC_WARN_UNUSED_VARIABLE = YES;
				IPHONEOS_DEPLOYMENT_TARGET = 18.4;
				LOCALIZATION_PREFERS_STRING_CATALOGS = YES;
				MTL_ENABLE_DEBUG_INFO = NO;
				MTL_FAST_MATH = YES;
				SDKROOT = iphoneos;
				SWIFT_COMPILATION_MODE = wholemodule;
				VALIDATE_PRODUCT = YES;
			};
			name = Release;
		};
		37865C012DF0B70C00344115 /* Debug */ = {
			isa = XCBuildConfiguration;
			buildSettings = {
				BUNDLE_LOADER = "$(TEST_HOST)";
				CODE_SIGN_STYLE = Automatic;
				CURRENT_PROJECT_VERSION = 1;
				GENERATE_INFOPLIST_FILE = YES;
				IPHONEOS_DEPLOYMENT_TARGET = 18.4;
				MARKETING_VERSION = 1.0;
				PRODUCT_BUNDLE_IDENTIFIER = "com.Sv.Cricket-LedgerTests";
				PRODUCT_NAME = "$(TARGET_NAME)";
				SWIFT_EMIT_LOC_STRINGS = NO;
				SWIFT_VERSION = 5.0;
				TARGETED_DEVICE_FAMILY = "1,2";
				TEST_HOST = "$(BUILT_PRODUCTS_DIR)/Cricket Ledger.app/$(BUNDLE_EXECUTABLE_FOLDER_PATH)/Cricket Ledger";
			};
			name = Debug;
		};
		37865C022DF0B70C00344115 /* Release */ = {
			isa = XCBuildConfiguration;
			buildSettings = {
				BUNDLE_LOADER = "$(TEST_HOST)";
				CODE_SIGN_STYLE = Automatic;
				CURRENT_PROJECT_VERSION = 1;
				GENERATE_INFOPLIST_FILE = YES;
				IPHONEOS_DEPLOYMENT_TARGET = 18.4;
				MARKETING_VERSION = 1.0;
				PRODUCT_BUNDLE_IDENTIFIER = "com.Sv.Cricket-LedgerTests";
				PRODUCT_NAME = "$(TARGET_NAME)";
				SWIFT_EMIT_LOC_STRINGS = NO;
				SWIFT_VERSION = 5.0;
				TARGETED_DEVICE_FAMILY = "1,2";
				TEST_HOST = "$(BUILT_PRODUCTS_DIR)/Cricket Ledger.app/$(BUNDLE_EXECUTABLE_FOLDER_PATH)/Cricket Ledger";
			};
			name = Release;
		};
		37865C042DF0B70C00344115 /* Debug */ = {
			isa = XCBuildConfiguration;
			buildSettings = {
				CODE_SIGN_STYLE = Automatic;
				CURRENT_PROJECT_VERSION = 1;
				GENERATE_INFOPLIST_FILE = YES;
				MARKETING_VERSION = 1.0;
				PRODUCT_BUNDLE_IDENTIFIER = "com.Sv.Cricket-LedgerUITests";
				PRODUCT_NAME = "$(TARGET_NAME)";
				SWIFT_EMIT_LOC_STRINGS = NO;
				SWIFT_VERSION = 5.0;
				TARGETED_DEVICE_FAMILY = "1,2";
				TEST_TARGET_NAME = "Cricket Ledger";
			};
			name = Debug;
		};
		37865C052DF0B70C00344115 /* Release */ = {
			isa = XCBuildConfiguration;
			buildSettings = {
				CODE_SIGN_STYLE = Automatic;
				CURRENT_PROJECT_VERSION = 1;
				GENERATE_INFOPLIST_FILE = YES;
				MARKETING_VERSION = 1.0;
				PRODUCT_BUNDLE_IDENTIFIER = "com.Sv.Cricket-LedgerUITests";
				PRODUCT_NAME = "$(TARGET_NAME)";
				SWIFT_EMIT_LOC_STRINGS = NO;
				SWIFT_VERSION = 5.0;
				TARGETED_DEVICE_FAMILY = "1,2";
				TEST_TARGET_NAME = "Cricket Ledger";
			};
			name = Release;
		};
/* End XCBuildConfiguration section */

/* Begin XCConfigurationList section */
		37865BCA2DF0B70A00344115 /* Build configuration list for PBXProject "Cricket Ledger" */ = {
			isa = XCConfigurationList;
			buildConfigurations = (
				37865BFE2DF0B70C00344115 /* Debug */,
				37865BFF2DF0B70C00344115 /* Release */,
			);
			defaultConfigurationIsVisible = 0;
			defaultConfigurationName = Release;
		};
		37865BFB2DF0B70C00344115 /* Build configuration list for PBXNativeTarget "Cricket Ledger" */ = {
			isa = XCConfigurationList;
			buildConfigurations = (
				37865BFC2DF0B70C00344115 /* Debug */,
				37865BFD2DF0B70C00344115 /* Release */,
			);
			defaultConfigurationIsVisible = 0;
			defaultConfigurationName = Release;
		};
		37865C002DF0B70C00344115 /* Build configuration list for PBXNativeTarget "Cricket LedgerTests" */ = {
			isa = XCConfigurationList;
			buildConfigurations = (
				37865C012DF0B70C00344115 /* Debug */,
				37865C022DF0B70C00344115 /* Release */,
			);
			defaultConfigurationIsVisible = 0;
			defaultConfigurationName = Release;
		};
		37865C032DF0B70C00344115 /* Build configuration list for PBXNativeTarget "Cricket LedgerUITests" */ = {
			isa = XCConfigurationList;
			buildConfigurations = (
				37865C042DF0B70C00344115 /* Debug */,
				37865C052DF0B70C00344115 /* Release */,
			);
			defaultConfigurationIsVisible = 0;
			defaultConfigurationName = Release;
		};
/* End XCConfigurationList section */

/* Begin XCRemoteSwiftPackageReference section */
		3725E7D82DFF937C0082C0D4 /* XCRemoteSwiftPackageReference "firebase-ios-sdk" */ = {
			isa = XCRemoteSwiftPackageReference;
			repositoryURL = "https://github.com/firebase/firebase-ios-sdk";
			requirement = {
				kind = upToNextMajorVersion;
				minimumVersion = 11.14.0;
			};
		};
		3725E7E12DFF944C0082C0D4 /* XCRemoteSwiftPackageReference "GoogleSignIn-iOS" */ = {
			isa = XCRemoteSwiftPackageReference;
			repositoryURL = "https://github.com/google/GoogleSignIn-iOS";
			requirement = {
				kind = upToNextMajorVersion;
				minimumVersion = 8.0.0;
			};
		};
/* End XCRemoteSwiftPackageReference section */

/* Begin XCSwiftPackageProductDependency section */
		3725E7662DFF08F50082C0D4 /* NetworkLayer */ = {
			isa = XCSwiftPackageProductDependency;
			productName = NetworkLayer;
		};
		3725E7D92DFF937C0082C0D4 /* FirebaseAnalytics */ = {
			isa = XCSwiftPackageProductDependency;
			package = 3725E7D82DFF937C0082C0D4 /* XCRemoteSwiftPackageReference "firebase-ios-sdk" */;
			productName = FirebaseAnalytics;
		};
		3725E7DB2DFF937C0082C0D4 /* FirebaseAnalyticsCore */ = {
			isa = XCSwiftPackageProductDependency;
			package = 3725E7D82DFF937C0082C0D4 /* XCRemoteSwiftPackageReference "firebase-ios-sdk" */;
			productName = FirebaseAnalyticsCore;
		};
		3725E7DD2DFF937C0082C0D4 /* FirebaseAuth */ = {
			isa = XCSwiftPackageProductDependency;
			package = 3725E7D82DFF937C0082C0D4 /* XCRemoteSwiftPackageReference "firebase-ios-sdk" */;
			productName = FirebaseAuth;
		};
		3725E7DF2DFF937C0082C0D4 /* FirebaseDatabase */ = {
			isa = XCSwiftPackageProductDependency;
			package = 3725E7D82DFF937C0082C0D4 /* XCRemoteSwiftPackageReference "firebase-ios-sdk" */;
			productName = FirebaseDatabase;
		};
		3725E7E22DFF944C0082C0D4 /* GoogleSignIn */ = {
			isa = XCSwiftPackageProductDependency;
			package = 3725E7E12DFF944C0082C0D4 /* XCRemoteSwiftPackageReference "GoogleSignIn-iOS" */;
			productName = GoogleSignIn;
		};
		3770A27C2E0047B00081556B /* FirebaseCore */ = {
			isa = XCSwiftPackageProductDependency;
			package = 3725E7D82DFF937C0082C0D4 /* XCRemoteSwiftPackageReference "firebase-ios-sdk" */;
			productName = FirebaseCore;
		};
/* End XCSwiftPackageProductDependency section */
	};
	rootObject = 37865BC72DF0B70A00344115 /* Project object */;
}
